
Microsoft Visual Studio Solution File, Format Version 12.00
# Visual Studio 15
VisualStudioVersion = 15.0.27004.2005
MinimumVisualStudioVersion = 10.0.40219.1
Project("{FAE04EC0-301F-11D3-BF4B-00C04F79EFBC}") = "ReverseTCPClient", "ReverseTCPClient\ReverseTCPClient.csproj", "{18D37873-E1CD-46EF-99D8-2389265398F9}"
EndProject
Global
	GlobalSection(SolutionConfigurationPlatforms) = preSolution
		Debug|Any CPU = Debug|Any CPU
		Release|Any CPU = Release|Any CPU
	EndGlobalSection
	GlobalSection(ProjectConfigurationPlatforms) = postSolution
		{18D37873-E1CD-46EF-99D8-2389265398F9}.Debug|Any CPU.ActiveCfg = Debug|Any CPU
		{18D37873-E1CD-46EF-99D8-2389265398F9}.Debug|Any CPU.Build.0 = Debug|Any CPU
		{18D37873-E1CD-46EF-99D8-2389265398F9}.Release|Any CPU.ActiveCfg = Release|Any CPU
		{18D37873-E1CD-46EF-99D8-2389265398F9}.Release|Any CPU.Build.0 = Release|Any CPU
	EndGlobalSection
	GlobalSection(SolutionProperties) = preSolution
		HideSolutionNode = FALSE
	EndGlobalSection
	GlobalSection(ExtensibilityGlobals) = postSolution
		SolutionGuid = {8A7FE82D-4574-47A0-BF05-6CA8A98A9644}
	EndGlobalSection
EndGlobal
